
Microsoft Visual Studio Solution File, Format Version 12.00
# Visual Studio 2013
VisualStudioVersion = 12.0.30501.0
MinimumVisualStudioVersion = 10.0.40219.1
Project("{F2A71F9B-5D33-465A-A702-920D77279786}") = "PCL78", "tests\TestApps\PCL78\PCL78.fsproj", "{1B8AA528-B4A2-4CF0-8BEB-0F37DA3C8025}"
EndProject
Project("{F2A71F9B-5D33-465A-A702-920D77279786}") = "ConsoleApp_PCL78", "tests\TestApps\ConsoleApp_PCL78\ConsoleApp_PCL78.fsproj", "{1F142A37-0877-47A6-9446-C540399F7147}"
EndProject
Project("{2150E333-8FDC-42A3-9474-1A3956D46DE8}") = "Win8_PCL78", "Win8_PCL78", "{7C7825A1-646C-40E7-8D49-61BD11100DFD}"
EndProject
Project("{D954291E-2A0B-460D-934E-DC6B0785DB48}") = "Win8_PCL78.Shared", "tests\TestApps\Win8_PCL78\Win8_PCL78.Shared\Win8_PCL78.Shared.shproj", "{83CB6BF2-0EFE-4DE3-B920-528F4A095274}"
EndProject
Project("{FAE04EC0-301F-11D3-BF4B-00C04F79EFBC}") = "Win8_PCL78.Windows", "tests\TestApps\Win8_PCL78\Win8_PCL78.Windows\Win8_PCL78.Windows.csproj", "{8167F64C-4A2E-4DA3-A68C-E037F251EBEC}"
EndProject
Project("{FAE04EC0-301F-11D3-BF4B-00C04F79EFBC}") = "Win8_PCL78.WindowsPhone", "tests\TestApps\Win8_PCL78\Win8_PCL78.WindowsPhone\Win8_PCL78.WindowsPhone.csproj", "{71A3CD12-210B-4CC3-82F0-BBFCC6EE4790}"
EndProject
Project("{FAE04EC0-301F-11D3-BF4B-00C04F79EFBC}") = "Xamarin_PCL78", "tests\TestApps\Xamarin_PCL78\Xamarin_PCL78\Xamarin_PCL78.csproj", "{7AF53F00-9F35-426B-A39D-F7BA44D73198}"
EndProject
Project("{FAE04EC0-301F-11D3-BF4B-00C04F79EFBC}") = "Xamarin_PCL78.iOS", "tests\TestApps\Xamarin_PCL78\Xamarin_PCL78.iOS\Xamarin_PCL78.iOS.csproj", "{4DB062C0-198B-4D2D-9B31-0A39FFEA1ACE}"
EndProject
Project("{FAE04EC0-301F-11D3-BF4B-00C04F79EFBC}") = "Xamarin_PCL78.Android", "tests\TestApps\Xamarin_PCL78\Xamarin_PCL78.Android\Xamarin_PCL78.Android.csproj", "{ADABCCC2-690D-4DE9-AF6B-6B5C49970287}"
EndProject
Project("{FAE04EC0-301F-11D3-BF4B-00C04F79EFBC}") = "Xamarin_PCL78.WinPhone", "tests\TestApps\Xamarin_PCL78\Xamarin_PCL78.WinPhone\Xamarin_PCL78.WinPhone.csproj", "{137BE8AF-64A6-4451-BE44-B65A34DABB81}"
EndProject
Project("{2150E333-8FDC-42A3-9474-1A3956D46DE8}") = "Xamarin", "Xamarin", "{E1040B39-7BDB-4D81-8684-CB39E7E4F3B5}"
EndProject
Global
	GlobalSection(SharedMSBuildProjectFiles) = preSolution
		tests\TestApps\Win8_PCL78\Win8_PCL78.Shared\Win8_PCL78.Shared.projitems*{83cb6bf2-0efe-4de3-b920-528f4a095274}*SharedItemsImports = 13
		tests\TestApps\Win8_PCL78\Win8_PCL78.Shared\Win8_PCL78.Shared.projitems*{71a3cd12-210b-4cc3-82f0-bbfcc6ee4790}*SharedItemsImports = 4
		tests\TestApps\Win8_PCL78\Win8_PCL78.Shared\Win8_PCL78.Shared.projitems*{8167f64c-4a2e-4da3-a68c-e037f251ebec}*SharedItemsImports = 4
	EndGlobalSection
	GlobalSection(SolutionConfigurationPlatforms) = preSolution
		Ad-Hoc|Any CPU = Ad-Hoc|Any CPU
		Ad-Hoc|ARM = Ad-Hoc|ARM
		Ad-Hoc|iPhone = Ad-Hoc|iPhone
		Ad-Hoc|iPhoneSimulator = Ad-Hoc|iPhoneSimulator
		Ad-Hoc|Mixed Platforms = Ad-Hoc|Mixed Platforms
		Ad-Hoc|x64 = Ad-Hoc|x64
		Ad-Hoc|x86 = Ad-Hoc|x86
		AppStore|Any CPU = AppStore|Any CPU
		AppStore|ARM = AppStore|ARM
		AppStore|iPhone = AppStore|iPhone
		AppStore|iPhoneSimulator = AppStore|iPhoneSimulator
		AppStore|Mixed Platforms = AppStore|Mixed Platforms
		AppStore|x64 = AppStore|x64
		AppStore|x86 = AppStore|x86
		Debug|Any CPU = Debug|Any CPU
		Debug|ARM = Debug|ARM
		Debug|iPhone = Debug|iPhone
		Debug|iPhoneSimulator = Debug|iPhoneSimulator
		Debug|Mixed Platforms = Debug|Mixed Platforms
		Debug|x64 = Debug|x64
		Debug|x86 = Debug|x86
		Release|Any CPU = Release|Any CPU
		Release|ARM = Release|ARM
		Release|iPhone = Release|iPhone
		Release|iPhoneSimulator = Release|iPhoneSimulator
		Release|Mixed Platforms = Release|Mixed Platforms
		Release|x64 = Release|x64
		Release|x86 = Release|x86
	EndGlobalSection
	GlobalSection(ProjectConfigurationPlatforms) = postSolution
		{1B8AA528-B4A2-4CF0-8BEB-0F37DA3C8025}.Ad-Hoc|Any CPU.ActiveCfg = Release|Any CPU
		{1B8AA528-B4A2-4CF0-8BEB-0F37DA3C8025}.Ad-Hoc|Any CPU.Build.0 = Release|Any CPU
		{1B8AA528-B4A2-4CF0-8BEB-0F37DA3C8025}.Ad-Hoc|ARM.ActiveCfg = Release|Any CPU
		{1B8AA528-B4A2-4CF0-8BEB-0F37DA3C8025}.Ad-Hoc|iPhone.ActiveCfg = Release|Any CPU
		{1B8AA528-B4A2-4CF0-8BEB-0F37DA3C8025}.Ad-Hoc|iPhoneSimulator.ActiveCfg = Release|Any CPU
		{1B8AA528-B4A2-4CF0-8BEB-0F37DA3C8025}.Ad-Hoc|Mixed Platforms.ActiveCfg = Release|Any CPU
		{1B8AA528-B4A2-4CF0-8BEB-0F37DA3C8025}.Ad-Hoc|Mixed Platforms.Build.0 = Release|Any CPU
		{1B8AA528-B4A2-4CF0-8BEB-0F37DA3C8025}.Ad-Hoc|x64.ActiveCfg = Release|Any CPU
		{1B8AA528-B4A2-4CF0-8BEB-0F37DA3C8025}.Ad-Hoc|x86.ActiveCfg = Release|Any CPU
		{1B8AA528-B4A2-4CF0-8BEB-0F37DA3C8025}.AppStore|Any CPU.ActiveCfg = Release|Any CPU
		{1B8AA528-B4A2-4CF0-8BEB-0F37DA3C8025}.AppStore|Any CPU.Build.0 = Release|Any CPU
		{1B8AA528-B4A2-4CF0-8BEB-0F37DA3C8025}.AppStore|ARM.ActiveCfg = Release|Any CPU
		{1B8AA528-B4A2-4CF0-8BEB-0F37DA3C8025}.AppStore|iPhone.ActiveCfg = Release|Any CPU
		{1B8AA528-B4A2-4CF0-8BEB-0F37DA3C8025}.AppStore|iPhoneSimulator.ActiveCfg = Release|Any CPU
		{1B8AA528-B4A2-4CF0-8BEB-0F37DA3C8025}.AppStore|Mixed Platforms.ActiveCfg = Release|Any CPU
		{1B8AA528-B4A2-4CF0-8BEB-0F37DA3C8025}.AppStore|Mixed Platforms.Build.0 = Release|Any CPU
		{1B8AA528-B4A2-4CF0-8BEB-0F37DA3C8025}.AppStore|x64.ActiveCfg = Release|Any CPU
		{1B8AA528-B4A2-4CF0-8BEB-0F37DA3C8025}.AppStore|x86.ActiveCfg = Release|Any CPU
		{1B8AA528-B4A2-4CF0-8BEB-0F37DA3C8025}.Debug|Any CPU.ActiveCfg = Debug|Any CPU
		{1B8AA528-B4A2-4CF0-8BEB-0F37DA3C8025}.Debug|Any CPU.Build.0 = Debug|Any CPU
		{1B8AA528-B4A2-4CF0-8BEB-0F37DA3C8025}.Debug|ARM.ActiveCfg = Debug|Any CPU
		{1B8AA528-B4A2-4CF0-8BEB-0F37DA3C8025}.Debug|iPhone.ActiveCfg = Debug|Any CPU
		{1B8AA528-B4A2-4CF0-8BEB-0F37DA3C8025}.Debug|iPhoneSimulator.ActiveCfg = Debug|Any CPU
		{1B8AA528-B4A2-4CF0-8BEB-0F37DA3C8025}.Debug|Mixed Platforms.ActiveCfg = Debug|Any CPU
		{1B8AA528-B4A2-4CF0-8BEB-0F37DA3C8025}.Debug|Mixed Platforms.Build.0 = Debug|Any CPU
		{1B8AA528-B4A2-4CF0-8BEB-0F37DA3C8025}.Debug|x64.ActiveCfg = Debug|Any CPU
		{1B8AA528-B4A2-4CF0-8BEB-0F37DA3C8025}.Debug|x86.ActiveCfg = Debug|Any CPU
		{1B8AA528-B4A2-4CF0-8BEB-0F37DA3C8025}.Release|Any CPU.ActiveCfg = Release|Any CPU
		{1B8AA528-B4A2-4CF0-8BEB-0F37DA3C8025}.Release|Any CPU.Build.0 = Release|Any CPU
		{1B8AA528-B4A2-4CF0-8BEB-0F37DA3C8025}.Release|ARM.ActiveCfg = Release|Any CPU
		{1B8AA528-B4A2-4CF0-8BEB-0F37DA3C8025}.Release|iPhone.ActiveCfg = Release|Any CPU
		{1B8AA528-B4A2-4CF0-8BEB-0F37DA3C8025}.Release|iPhoneSimulator.ActiveCfg = Release|Any CPU
		{1B8AA528-B4A2-4CF0-8BEB-0F37DA3C8025}.Release|Mixed Platforms.ActiveCfg = Release|Any CPU
		{1B8AA528-B4A2-4CF0-8BEB-0F37DA3C8025}.Release|Mixed Platforms.Build.0 = Release|Any CPU
		{1B8AA528-B4A2-4CF0-8BEB-0F37DA3C8025}.Release|x64.ActiveCfg = Release|Any CPU
		{1B8AA528-B4A2-4CF0-8BEB-0F37DA3C8025}.Release|x86.ActiveCfg = Release|Any CPU
		{1F142A37-0877-47A6-9446-C540399F7147}.Ad-Hoc|Any CPU.ActiveCfg = Release|Any CPU
		{1F142A37-0877-47A6-9446-C540399F7147}.Ad-Hoc|Any CPU.Build.0 = Release|Any CPU
		{1F142A37-0877-47A6-9446-C540399F7147}.Ad-Hoc|ARM.ActiveCfg = Release|Any CPU
		{1F142A37-0877-47A6-9446-C540399F7147}.Ad-Hoc|iPhone.ActiveCfg = Release|Any CPU
		{1F142A37-0877-47A6-9446-C540399F7147}.Ad-Hoc|iPhoneSimulator.ActiveCfg = Release|Any CPU
		{1F142A37-0877-47A6-9446-C540399F7147}.Ad-Hoc|Mixed Platforms.ActiveCfg = Release|Any CPU
		{1F142A37-0877-47A6-9446-C540399F7147}.Ad-Hoc|Mixed Platforms.Build.0 = Release|Any CPU
		{1F142A37-0877-47A6-9446-C540399F7147}.Ad-Hoc|x64.ActiveCfg = Release|Any CPU
		{1F142A37-0877-47A6-9446-C540399F7147}.Ad-Hoc|x86.ActiveCfg = Release|Any CPU
		{1F142A37-0877-47A6-9446-C540399F7147}.AppStore|Any CPU.ActiveCfg = Release|Any CPU
		{1F142A37-0877-47A6-9446-C540399F7147}.AppStore|Any CPU.Build.0 = Release|Any CPU
		{1F142A37-0877-47A6-9446-C540399F7147}.AppStore|ARM.ActiveCfg = Release|Any CPU
		{1F142A37-0877-47A6-9446-C540399F7147}.AppStore|iPhone.ActiveCfg = Release|Any CPU
		{1F142A37-0877-47A6-9446-C540399F7147}.AppStore|iPhoneSimulator.ActiveCfg = Release|Any CPU
		{1F142A37-0877-47A6-9446-C540399F7147}.AppStore|Mixed Platforms.ActiveCfg = Release|Any CPU
		{1F142A37-0877-47A6-9446-C540399F7147}.AppStore|Mixed Platforms.Build.0 = Release|Any CPU
		{1F142A37-0877-47A6-9446-C540399F7147}.AppStore|x64.ActiveCfg = Release|Any CPU
		{1F142A37-0877-47A6-9446-C540399F7147}.AppStore|x86.ActiveCfg = Release|Any CPU
		{1F142A37-0877-47A6-9446-C540399F7147}.Debug|Any CPU.ActiveCfg = Debug|Any CPU
		{1F142A37-0877-47A6-9446-C540399F7147}.Debug|Any CPU.Build.0 = Debug|Any CPU
		{1F142A37-0877-47A6-9446-C540399F7147}.Debug|ARM.ActiveCfg = Debug|Any CPU
		{1F142A37-0877-47A6-9446-C540399F7147}.Debug|iPhone.ActiveCfg = Debug|Any CPU
		{1F142A37-0877-47A6-9446-C540399F7147}.Debug|iPhoneSimulator.ActiveCfg = Debug|Any CPU
		{1F142A37-0877-47A6-9446-C540399F7147}.Debug|Mixed Platforms.ActiveCfg = Debug|Any CPU
		{1F142A37-0877-47A6-9446-C540399F7147}.Debug|Mixed Platforms.Build.0 = Debug|Any CPU
		{1F142A37-0877-47A6-9446-C540399F7147}.Debug|x64.ActiveCfg = Debug|Any CPU
		{1F142A37-0877-47A6-9446-C540399F7147}.Debug|x86.ActiveCfg = Debug|Any CPU
		{1F142A37-0877-47A6-9446-C540399F7147}.Release|Any CPU.ActiveCfg = Release|Any CPU
		{1F142A37-0877-47A6-9446-C540399F7147}.Release|Any CPU.Build.0 = Release|Any CPU
		{1F142A37-0877-47A6-9446-C540399F7147}.Release|ARM.ActiveCfg = Release|Any CPU
		{1F142A37-0877-47A6-9446-C540399F7147}.Release|iPhone.ActiveCfg = Release|Any CPU
		{1F142A37-0877-47A6-9446-C540399F7147}.Release|iPhoneSimulator.ActiveCfg = Release|Any CPU
		{1F142A37-0877-47A6-9446-C540399F7147}.Release|Mixed Platforms.ActiveCfg = Release|Any CPU
		{1F142A37-0877-47A6-9446-C540399F7147}.Release|Mixed Platforms.Build.0 = Release|Any CPU
		{1F142A37-0877-47A6-9446-C540399F7147}.Release|x64.ActiveCfg = Release|Any CPU
		{1F142A37-0877-47A6-9446-C540399F7147}.Release|x86.ActiveCfg = Release|Any CPU
		{8167F64C-4A2E-4DA3-A68C-E037F251EBEC}.Ad-Hoc|Any CPU.ActiveCfg = Release|Any CPU
		{8167F64C-4A2E-4DA3-A68C-E037F251EBEC}.Ad-Hoc|Any CPU.Build.0 = Release|Any CPU
		{8167F64C-4A2E-4DA3-A68C-E037F251EBEC}.Ad-Hoc|Any CPU.Deploy.0 = Release|Any CPU
		{8167F64C-4A2E-4DA3-A68C-E037F251EBEC}.Ad-Hoc|ARM.ActiveCfg = Release|ARM
		{8167F64C-4A2E-4DA3-A68C-E037F251EBEC}.Ad-Hoc|ARM.Build.0 = Release|ARM
		{8167F64C-4A2E-4DA3-A68C-E037F251EBEC}.Ad-Hoc|ARM.Deploy.0 = Release|ARM
		{8167F64C-4A2E-4DA3-A68C-E037F251EBEC}.Ad-Hoc|iPhone.ActiveCfg = Release|Any CPU
		{8167F64C-4A2E-4DA3-A68C-E037F251EBEC}.Ad-Hoc|iPhoneSimulator.ActiveCfg = Release|Any CPU
		{8167F64C-4A2E-4DA3-A68C-E037F251EBEC}.Ad-Hoc|Mixed Platforms.ActiveCfg = Release|x86
		{8167F64C-4A2E-4DA3-A68C-E037F251EBEC}.Ad-Hoc|Mixed Platforms.Build.0 = Release|x86
		{8167F64C-4A2E-4DA3-A68C-E037F251EBEC}.Ad-Hoc|Mixed Platforms.Deploy.0 = Release|x86
		{8167F64C-4A2E-4DA3-A68C-E037F251EBEC}.Ad-Hoc|x64.ActiveCfg = Release|x64
		{8167F64C-4A2E-4DA3-A68C-E037F251EBEC}.Ad-Hoc|x64.Build.0 = Release|x64
		{8167F64C-4A2E-4DA3-A68C-E037F251EBEC}.Ad-Hoc|x64.Deploy.0 = Release|x64
		{8167F64C-4A2E-4DA3-A68C-E037F251EBEC}.Ad-Hoc|x86.ActiveCfg = Release|x86
		{8167F64C-4A2E-4DA3-A68C-E037F251EBEC}.Ad-Hoc|x86.Build.0 = Release|x86
		{8167F64C-4A2E-4DA3-A68C-E037F251EBEC}.Ad-Hoc|x86.Deploy.0 = Release|x86
		{8167F64C-4A2E-4DA3-A68C-E037F251EBEC}.AppStore|Any CPU.ActiveCfg = Release|Any CPU
		{8167F64C-4A2E-4DA3-A68C-E037F251EBEC}.AppStore|Any CPU.Build.0 = Release|Any CPU
		{8167F64C-4A2E-4DA3-A68C-E037F251EBEC}.AppStore|Any CPU.Deploy.0 = Release|Any CPU
		{8167F64C-4A2E-4DA3-A68C-E037F251EBEC}.AppStore|ARM.ActiveCfg = Release|ARM
		{8167F64C-4A2E-4DA3-A68C-E037F251EBEC}.AppStore|ARM.Build.0 = Release|ARM
		{8167F64C-4A2E-4DA3-A68C-E037F251EBEC}.AppStore|ARM.Deploy.0 = Release|ARM
		{8167F64C-4A2E-4DA3-A68C-E037F251EBEC}.AppStore|iPhone.ActiveCfg = Release|Any CPU
		{8167F64C-4A2E-4DA3-A68C-E037F251EBEC}.AppStore|iPhoneSimulator.ActiveCfg = Release|Any CPU
		{8167F64C-4A2E-4DA3-A68C-E037F251EBEC}.AppStore|Mixed Platforms.ActiveCfg = Release|x86
		{8167F64C-4A2E-4DA3-A68C-E037F251EBEC}.AppStore|Mixed Platforms.Build.0 = Release|x86
		{8167F64C-4A2E-4DA3-A68C-E037F251EBEC}.AppStore|Mixed Platforms.Deploy.0 = Release|x86
		{8167F64C-4A2E-4DA3-A68C-E037F251EBEC}.AppStore|x64.ActiveCfg = Release|x64
		{8167F64C-4A2E-4DA3-A68C-E037F251EBEC}.AppStore|x64.Build.0 = Release|x64
		{8167F64C-4A2E-4DA3-A68C-E037F251EBEC}.AppStore|x64.Deploy.0 = Release|x64
		{8167F64C-4A2E-4DA3-A68C-E037F251EBEC}.AppStore|x86.ActiveCfg = Release|x86
		{8167F64C-4A2E-4DA3-A68C-E037F251EBEC}.AppStore|x86.Build.0 = Release|x86
		{8167F64C-4A2E-4DA3-A68C-E037F251EBEC}.AppStore|x86.Deploy.0 = Release|x86
		{8167F64C-4A2E-4DA3-A68C-E037F251EBEC}.Debug|Any CPU.ActiveCfg = Debug|Any CPU
		{8167F64C-4A2E-4DA3-A68C-E037F251EBEC}.Debug|Any CPU.Build.0 = Debug|Any CPU
		{8167F64C-4A2E-4DA3-A68C-E037F251EBEC}.Debug|Any CPU.Deploy.0 = Debug|Any CPU
		{8167F64C-4A2E-4DA3-A68C-E037F251EBEC}.Debug|ARM.ActiveCfg = Debug|ARM
		{8167F64C-4A2E-4DA3-A68C-E037F251EBEC}.Debug|ARM.Build.0 = Debug|ARM
		{8167F64C-4A2E-4DA3-A68C-E037F251EBEC}.Debug|ARM.Deploy.0 = Debug|ARM
		{8167F64C-4A2E-4DA3-A68C-E037F251EBEC}.Debug|iPhone.ActiveCfg = Debug|Any CPU
		{8167F64C-4A2E-4DA3-A68C-E037F251EBEC}.Debug|iPhoneSimulator.ActiveCfg = Debug|Any CPU
		{8167F64C-4A2E-4DA3-A68C-E037F251EBEC}.Debug|Mixed Platforms.ActiveCfg = Debug|x86
		{8167F64C-4A2E-4DA3-A68C-E037F251EBEC}.Debug|Mixed Platforms.Build.0 = Debug|x86
		{8167F64C-4A2E-4DA3-A68C-E037F251EBEC}.Debug|Mixed Platforms.Deploy.0 = Debug|x86
		{8167F64C-4A2E-4DA3-A68C-E037F251EBEC}.Debug|x64.ActiveCfg = Debug|x64
		{8167F64C-4A2E-4DA3-A68C-E037F251EBEC}.Debug|x64.Build.0 = Debug|x64
		{8167F64C-4A2E-4DA3-A68C-E037F251EBEC}.Debug|x64.Deploy.0 = Debug|x64
		{8167F64C-4A2E-4DA3-A68C-E037F251EBEC}.Debug|x86.ActiveCfg = Debug|x86
		{8167F64C-4A2E-4DA3-A68C-E037F251EBEC}.Debug|x86.Build.0 = Debug|x86
		{8167F64C-4A2E-4DA3-A68C-E037F251EBEC}.Debug|x86.Deploy.0 = Debug|x86
		{8167F64C-4A2E-4DA3-A68C-E037F251EBEC}.Release|Any CPU.ActiveCfg = Release|Any CPU
		{8167F64C-4A2E-4DA3-A68C-E037F251EBEC}.Release|Any CPU.Build.0 = Release|Any CPU
		{8167F64C-4A2E-4DA3-A68C-E037F251EBEC}.Release|Any CPU.Deploy.0 = Release|Any CPU
		{8167F64C-4A2E-4DA3-A68C-E037F251EBEC}.Release|ARM.ActiveCfg = Release|ARM
		{8167F64C-4A2E-4DA3-A68C-E037F251EBEC}.Release|ARM.Build.0 = Release|ARM
		{8167F64C-4A2E-4DA3-A68C-E037F251EBEC}.Release|ARM.Deploy.0 = Release|ARM
		{8167F64C-4A2E-4DA3-A68C-E037F251EBEC}.Release|iPhone.ActiveCfg = Release|Any CPU
		{8167F64C-4A2E-4DA3-A68C-E037F251EBEC}.Release|iPhoneSimulator.ActiveCfg = Release|Any CPU
		{8167F64C-4A2E-4DA3-A68C-E037F251EBEC}.Release|Mixed Platforms.ActiveCfg = Release|x86
		{8167F64C-4A2E-4DA3-A68C-E037F251EBEC}.Release|Mixed Platforms.Build.0 = Release|x86
		{8167F64C-4A2E-4DA3-A68C-E037F251EBEC}.Release|Mixed Platforms.Deploy.0 = Release|x86
		{8167F64C-4A2E-4DA3-A68C-E037F251EBEC}.Release|x64.ActiveCfg = Release|x64
		{8167F64C-4A2E-4DA3-A68C-E037F251EBEC}.Release|x64.Build.0 = Release|x64
		{8167F64C-4A2E-4DA3-A68C-E037F251EBEC}.Release|x64.Deploy.0 = Release|x64
		{8167F64C-4A2E-4DA3-A68C-E037F251EBEC}.Release|x86.ActiveCfg = Release|x86
		{8167F64C-4A2E-4DA3-A68C-E037F251EBEC}.Release|x86.Build.0 = Release|x86
		{8167F64C-4A2E-4DA3-A68C-E037F251EBEC}.Release|x86.Deploy.0 = Release|x86
		{71A3CD12-210B-4CC3-82F0-BBFCC6EE4790}.Ad-Hoc|Any CPU.ActiveCfg = Release|Any CPU
		{71A3CD12-210B-4CC3-82F0-BBFCC6EE4790}.Ad-Hoc|Any CPU.Build.0 = Release|Any CPU
		{71A3CD12-210B-4CC3-82F0-BBFCC6EE4790}.Ad-Hoc|Any CPU.Deploy.0 = Release|Any CPU
		{71A3CD12-210B-4CC3-82F0-BBFCC6EE4790}.Ad-Hoc|ARM.ActiveCfg = Release|ARM
		{71A3CD12-210B-4CC3-82F0-BBFCC6EE4790}.Ad-Hoc|ARM.Build.0 = Release|ARM
		{71A3CD12-210B-4CC3-82F0-BBFCC6EE4790}.Ad-Hoc|ARM.Deploy.0 = Release|ARM
		{71A3CD12-210B-4CC3-82F0-BBFCC6EE4790}.Ad-Hoc|iPhone.ActiveCfg = Release|Any CPU
		{71A3CD12-210B-4CC3-82F0-BBFCC6EE4790}.Ad-Hoc|iPhoneSimulator.ActiveCfg = Release|Any CPU
		{71A3CD12-210B-4CC3-82F0-BBFCC6EE4790}.Ad-Hoc|Mixed Platforms.ActiveCfg = Release|x86
		{71A3CD12-210B-4CC3-82F0-BBFCC6EE4790}.Ad-Hoc|Mixed Platforms.Build.0 = Release|x86
		{71A3CD12-210B-4CC3-82F0-BBFCC6EE4790}.Ad-Hoc|Mixed Platforms.Deploy.0 = Release|x86
		{71A3CD12-210B-4CC3-82F0-BBFCC6EE4790}.Ad-Hoc|x64.ActiveCfg = Release|Any CPU
		{71A3CD12-210B-4CC3-82F0-BBFCC6EE4790}.Ad-Hoc|x86.ActiveCfg = Release|x86
		{71A3CD12-210B-4CC3-82F0-BBFCC6EE4790}.Ad-Hoc|x86.Build.0 = Release|x86
		{71A3CD12-210B-4CC3-82F0-BBFCC6EE4790}.Ad-Hoc|x86.Deploy.0 = Release|x86
		{71A3CD12-210B-4CC3-82F0-BBFCC6EE4790}.AppStore|Any CPU.ActiveCfg = Release|Any CPU
		{71A3CD12-210B-4CC3-82F0-BBFCC6EE4790}.AppStore|Any CPU.Build.0 = Release|Any CPU
		{71A3CD12-210B-4CC3-82F0-BBFCC6EE4790}.AppStore|Any CPU.Deploy.0 = Release|Any CPU
		{71A3CD12-210B-4CC3-82F0-BBFCC6EE4790}.AppStore|ARM.ActiveCfg = Release|ARM
		{71A3CD12-210B-4CC3-82F0-BBFCC6EE4790}.AppStore|ARM.Build.0 = Release|ARM
		{71A3CD12-210B-4CC3-82F0-BBFCC6EE4790}.AppStore|ARM.Deploy.0 = Release|ARM
		{71A3CD12-210B-4CC3-82F0-BBFCC6EE4790}.AppStore|iPhone.ActiveCfg = Release|Any CPU
		{71A3CD12-210B-4CC3-82F0-BBFCC6EE4790}.AppStore|iPhoneSimulator.ActiveCfg = Release|Any CPU
		{71A3CD12-210B-4CC3-82F0-BBFCC6EE4790}.AppStore|Mixed Platforms.ActiveCfg = Release|x86
		{71A3CD12-210B-4CC3-82F0-BBFCC6EE4790}.AppStore|Mixed Platforms.Build.0 = Release|x86
		{71A3CD12-210B-4CC3-82F0-BBFCC6EE4790}.AppStore|Mixed Platforms.Deploy.0 = Release|x86
		{71A3CD12-210B-4CC3-82F0-BBFCC6EE4790}.AppStore|x64.ActiveCfg = Release|Any CPU
		{71A3CD12-210B-4CC3-82F0-BBFCC6EE4790}.AppStore|x86.ActiveCfg = Release|x86
		{71A3CD12-210B-4CC3-82F0-BBFCC6EE4790}.AppStore|x86.Build.0 = Release|x86
		{71A3CD12-210B-4CC3-82F0-BBFCC6EE4790}.AppStore|x86.Deploy.0 = Release|x86
		{71A3CD12-210B-4CC3-82F0-BBFCC6EE4790}.Debug|Any CPU.ActiveCfg = Debug|Any CPU
		{71A3CD12-210B-4CC3-82F0-BBFCC6EE4790}.Debug|Any CPU.Build.0 = Debug|Any CPU
		{71A3CD12-210B-4CC3-82F0-BBFCC6EE4790}.Debug|Any CPU.Deploy.0 = Debug|Any CPU
		{71A3CD12-210B-4CC3-82F0-BBFCC6EE4790}.Debug|ARM.ActiveCfg = Debug|ARM
		{71A3CD12-210B-4CC3-82F0-BBFCC6EE4790}.Debug|ARM.Build.0 = Debug|ARM
		{71A3CD12-210B-4CC3-82F0-BBFCC6EE4790}.Debug|ARM.Deploy.0 = Debug|ARM
		{71A3CD12-210B-4CC3-82F0-BBFCC6EE4790}.Debug|iPhone.ActiveCfg = Debug|Any CPU
		{71A3CD12-210B-4CC3-82F0-BBFCC6EE4790}.Debug|iPhoneSimulator.ActiveCfg = Debug|Any CPU
		{71A3CD12-210B-4CC3-82F0-BBFCC6EE4790}.Debug|Mixed Platforms.ActiveCfg = Debug|x86
		{71A3CD12-210B-4CC3-82F0-BBFCC6EE4790}.Debug|Mixed Platforms.Build.0 = Debug|x86
		{71A3CD12-210B-4CC3-82F0-BBFCC6EE4790}.Debug|Mixed Platforms.Deploy.0 = Debug|x86
		{71A3CD12-210B-4CC3-82F0-BBFCC6EE4790}.Debug|x64.ActiveCfg = Debug|Any CPU
		{71A3CD12-210B-4CC3-82F0-BBFCC6EE4790}.Debug|x86.ActiveCfg = Debug|x86
		{71A3CD12-210B-4CC3-82F0-BBFCC6EE4790}.Debug|x86.Build.0 = Debug|x86
		{71A3CD12-210B-4CC3-82F0-BBFCC6EE4790}.Debug|x86.Deploy.0 = Debug|x86
		{71A3CD12-210B-4CC3-82F0-BBFCC6EE4790}.Release|Any CPU.ActiveCfg = Release|Any CPU
		{71A3CD12-210B-4CC3-82F0-BBFCC6EE4790}.Release|Any CPU.Build.0 = Release|Any CPU
		{71A3CD12-210B-4CC3-82F0-BBFCC6EE4790}.Release|Any CPU.Deploy.0 = Release|Any CPU
		{71A3CD12-210B-4CC3-82F0-BBFCC6EE4790}.Release|ARM.ActiveCfg = Release|ARM
		{71A3CD12-210B-4CC3-82F0-BBFCC6EE4790}.Release|ARM.Build.0 = Release|ARM
		{71A3CD12-210B-4CC3-82F0-BBFCC6EE4790}.Release|ARM.Deploy.0 = Release|ARM
		{71A3CD12-210B-4CC3-82F0-BBFCC6EE4790}.Release|iPhone.ActiveCfg = Release|Any CPU
		{71A3CD12-210B-4CC3-82F0-BBFCC6EE4790}.Release|iPhoneSimulator.ActiveCfg = Release|Any CPU
		{71A3CD12-210B-4CC3-82F0-BBFCC6EE4790}.Release|Mixed Platforms.ActiveCfg = Release|x86
		{71A3CD12-210B-4CC3-82F0-BBFCC6EE4790}.Release|Mixed Platforms.Build.0 = Release|x86
		{71A3CD12-210B-4CC3-82F0-BBFCC6EE4790}.Release|Mixed Platforms.Deploy.0 = Release|x86
		{71A3CD12-210B-4CC3-82F0-BBFCC6EE4790}.Release|x64.ActiveCfg = Release|Any CPU
		{71A3CD12-210B-4CC3-82F0-BBFCC6EE4790}.Release|x86.ActiveCfg = Release|x86
		{71A3CD12-210B-4CC3-82F0-BBFCC6EE4790}.Release|x86.Build.0 = Release|x86
		{71A3CD12-210B-4CC3-82F0-BBFCC6EE4790}.Release|x86.Deploy.0 = Release|x86
		{7AF53F00-9F35-426B-A39D-F7BA44D73198}.Ad-Hoc|Any CPU.ActiveCfg = Release|Any CPU
		{7AF53F00-9F35-426B-A39D-F7BA44D73198}.Ad-Hoc|Any CPU.Build.0 = Release|Any CPU
		{7AF53F00-9F35-426B-A39D-F7BA44D73198}.Ad-Hoc|ARM.ActiveCfg = Release|Any CPU
		{7AF53F00-9F35-426B-A39D-F7BA44D73198}.Ad-Hoc|iPhone.ActiveCfg = Release|Any CPU
		{7AF53F00-9F35-426B-A39D-F7BA44D73198}.Ad-Hoc|iPhoneSimulator.ActiveCfg = Release|Any CPU
		{7AF53F00-9F35-426B-A39D-F7BA44D73198}.Ad-Hoc|Mixed Platforms.ActiveCfg = Release|Any CPU
		{7AF53F00-9F35-426B-A39D-F7BA44D73198}.Ad-Hoc|Mixed Platforms.Build.0 = Release|Any CPU
		{7AF53F00-9F35-426B-A39D-F7BA44D73198}.Ad-Hoc|x64.ActiveCfg = Release|Any CPU
		{7AF53F00-9F35-426B-A39D-F7BA44D73198}.Ad-Hoc|x86.ActiveCfg = Release|Any CPU
		{7AF53F00-9F35-426B-A39D-F7BA44D73198}.AppStore|Any CPU.ActiveCfg = Release|Any CPU
		{7AF53F00-9F35-426B-A39D-F7BA44D73198}.AppStore|Any CPU.Build.0 = Release|Any CPU
		{7AF53F00-9F35-426B-A39D-F7BA44D73198}.AppStore|ARM.ActiveCfg = Release|Any CPU
		{7AF53F00-9F35-426B-A39D-F7BA44D73198}.AppStore|iPhone.ActiveCfg = Release|Any CPU
		{7AF53F00-9F35-426B-A39D-F7BA44D73198}.AppStore|iPhoneSimulator.ActiveCfg = Release|Any CPU
		{7AF53F00-9F35-426B-A39D-F7BA44D73198}.AppStore|Mixed Platforms.ActiveCfg = Release|Any CPU
		{7AF53F00-9F35-426B-A39D-F7BA44D73198}.AppStore|Mixed Platforms.Build.0 = Release|Any CPU
		{7AF53F00-9F35-426B-A39D-F7BA44D73198}.AppStore|x64.ActiveCfg = Release|Any CPU
		{7AF53F00-9F35-426B-A39D-F7BA44D73198}.AppStore|x86.ActiveCfg = Release|Any CPU
		{7AF53F00-9F35-426B-A39D-F7BA44D73198}.Debug|Any CPU.ActiveCfg = Debug|Any CPU
		{7AF53F00-9F35-426B-A39D-F7BA44D73198}.Debug|Any CPU.Build.0 = Debug|Any CPU
		{7AF53F00-9F35-426B-A39D-F7BA44D73198}.Debug|ARM.ActiveCfg = Debug|Any CPU
		{7AF53F00-9F35-426B-A39D-F7BA44D73198}.Debug|iPhone.ActiveCfg = Debug|Any CPU
		{7AF53F00-9F35-426B-A39D-F7BA44D73198}.Debug|iPhoneSimulator.ActiveCfg = Debug|Any CPU
		{7AF53F00-9F35-426B-A39D-F7BA44D73198}.Debug|Mixed Platforms.ActiveCfg = Debug|Any CPU
		{7AF53F00-9F35-426B-A39D-F7BA44D73198}.Debug|Mixed Platforms.Build.0 = Debug|Any CPU
		{7AF53F00-9F35-426B-A39D-F7BA44D73198}.Debug|x64.ActiveCfg = Debug|Any CPU
		{7AF53F00-9F35-426B-A39D-F7BA44D73198}.Debug|x86.ActiveCfg = Debug|Any CPU
		{7AF53F00-9F35-426B-A39D-F7BA44D73198}.Release|Any CPU.ActiveCfg = Release|Any CPU
		{7AF53F00-9F35-426B-A39D-F7BA44D73198}.Release|Any CPU.Build.0 = Release|Any CPU
		{7AF53F00-9F35-426B-A39D-F7BA44D73198}.Release|ARM.ActiveCfg = Release|Any CPU
		{7AF53F00-9F35-426B-A39D-F7BA44D73198}.Release|iPhone.ActiveCfg = Release|Any CPU
		{7AF53F00-9F35-426B-A39D-F7BA44D73198}.Release|iPhoneSimulator.ActiveCfg = Release|Any CPU
		{7AF53F00-9F35-426B-A39D-F7BA44D73198}.Release|Mixed Platforms.ActiveCfg = Release|Any CPU
		{7AF53F00-9F35-426B-A39D-F7BA44D73198}.Release|Mixed Platforms.Build.0 = Release|Any CPU
		{7AF53F00-9F35-426B-A39D-F7BA44D73198}.Release|x64.ActiveCfg = Release|Any CPU
		{7AF53F00-9F35-426B-A39D-F7BA44D73198}.Release|x86.ActiveCfg = Release|Any CPU
		{4DB062C0-198B-4D2D-9B31-0A39FFEA1ACE}.Ad-Hoc|Any CPU.ActiveCfg = Ad-Hoc|iPhone
		{4DB062C0-198B-4D2D-9B31-0A39FFEA1ACE}.Ad-Hoc|ARM.ActiveCfg = Ad-Hoc|iPhone
		{4DB062C0-198B-4D2D-9B31-0A39FFEA1ACE}.Ad-Hoc|iPhone.ActiveCfg = Ad-Hoc|iPhone
		{4DB062C0-198B-4D2D-9B31-0A39FFEA1ACE}.Ad-Hoc|iPhone.Build.0 = Ad-Hoc|iPhone
		{4DB062C0-198B-4D2D-9B31-0A39FFEA1ACE}.Ad-Hoc|iPhone.Deploy.0 = Ad-Hoc|iPhone
		{4DB062C0-198B-4D2D-9B31-0A39FFEA1ACE}.Ad-Hoc|iPhoneSimulator.ActiveCfg = Ad-Hoc|iPhoneSimulator
		{4DB062C0-198B-4D2D-9B31-0A39FFEA1ACE}.Ad-Hoc|iPhoneSimulator.Build.0 = Ad-Hoc|iPhoneSimulator
		{4DB062C0-198B-4D2D-9B31-0A39FFEA1ACE}.Ad-Hoc|iPhoneSimulator.Deploy.0 = Ad-Hoc|iPhoneSimulator
		{4DB062C0-198B-4D2D-9B31-0A39FFEA1ACE}.Ad-Hoc|Mixed Platforms.ActiveCfg = Ad-Hoc|iPhone
		{4DB062C0-198B-4D2D-9B31-0A39FFEA1ACE}.Ad-Hoc|Mixed Platforms.Build.0 = Ad-Hoc|iPhone
		{4DB062C0-198B-4D2D-9B31-0A39FFEA1ACE}.Ad-Hoc|Mixed Platforms.Deploy.0 = Ad-Hoc|iPhone
		{4DB062C0-198B-4D2D-9B31-0A39FFEA1ACE}.Ad-Hoc|x64.ActiveCfg = Ad-Hoc|iPhone
		{4DB062C0-198B-4D2D-9B31-0A39FFEA1ACE}.Ad-Hoc|x86.ActiveCfg = Ad-Hoc|iPhone
		{4DB062C0-198B-4D2D-9B31-0A39FFEA1ACE}.AppStore|Any CPU.ActiveCfg = AppStore|iPhone
		{4DB062C0-198B-4D2D-9B31-0A39FFEA1ACE}.AppStore|ARM.ActiveCfg = AppStore|iPhone
		{4DB062C0-198B-4D2D-9B31-0A39FFEA1ACE}.AppStore|iPhone.ActiveCfg = AppStore|iPhone
		{4DB062C0-198B-4D2D-9B31-0A39FFEA1ACE}.AppStore|iPhone.Build.0 = AppStore|iPhone
		{4DB062C0-198B-4D2D-9B31-0A39FFEA1ACE}.AppStore|iPhone.Deploy.0 = AppStore|iPhone
		{4DB062C0-198B-4D2D-9B31-0A39FFEA1ACE}.AppStore|iPhoneSimulator.ActiveCfg = AppStore|iPhoneSimulator
		{4DB062C0-198B-4D2D-9B31-0A39FFEA1ACE}.AppStore|iPhoneSimulator.Build.0 = AppStore|iPhoneSimulator
		{4DB062C0-198B-4D2D-9B31-0A39FFEA1ACE}.AppStore|iPhoneSimulator.Deploy.0 = AppStore|iPhoneSimulator
		{4DB062C0-198B-4D2D-9B31-0A39FFEA1ACE}.AppStore|Mixed Platforms.ActiveCfg = AppStore|iPhone
		{4DB062C0-198B-4D2D-9B31-0A39FFEA1ACE}.AppStore|Mixed Platforms.Build.0 = AppStore|iPhone
		{4DB062C0-198B-4D2D-9B31-0A39FFEA1ACE}.AppStore|Mixed Platforms.Deploy.0 = AppStore|iPhone
		{4DB062C0-198B-4D2D-9B31-0A39FFEA1ACE}.AppStore|x64.ActiveCfg = AppStore|iPhone
		{4DB062C0-198B-4D2D-9B31-0A39FFEA1ACE}.AppStore|x86.ActiveCfg = AppStore|iPhone
		{4DB062C0-198B-4D2D-9B31-0A39FFEA1ACE}.Debug|Any CPU.ActiveCfg = Debug|iPhone
		{4DB062C0-198B-4D2D-9B31-0A39FFEA1ACE}.Debug|ARM.ActiveCfg = Debug|iPhone
		{4DB062C0-198B-4D2D-9B31-0A39FFEA1ACE}.Debug|iPhone.ActiveCfg = Debug|iPhone
		{4DB062C0-198B-4D2D-9B31-0A39FFEA1ACE}.Debug|iPhone.Build.0 = Debug|iPhone
		{4DB062C0-198B-4D2D-9B31-0A39FFEA1ACE}.Debug|iPhone.Deploy.0 = Debug|iPhone
		{4DB062C0-198B-4D2D-9B31-0A39FFEA1ACE}.Debug|iPhoneSimulator.ActiveCfg = Debug|iPhoneSimulator
		{4DB062C0-198B-4D2D-9B31-0A39FFEA1ACE}.Debug|iPhoneSimulator.Build.0 = Debug|iPhoneSimulator
		{4DB062C0-198B-4D2D-9B31-0A39FFEA1ACE}.Debug|iPhoneSimulator.Deploy.0 = Debug|iPhoneSimulator
		{4DB062C0-198B-4D2D-9B31-0A39FFEA1ACE}.Debug|Mixed Platforms.ActiveCfg = Debug|iPhone
		{4DB062C0-198B-4D2D-9B31-0A39FFEA1ACE}.Debug|Mixed Platforms.Build.0 = Debug|iPhone
		{4DB062C0-198B-4D2D-9B31-0A39FFEA1ACE}.Debug|Mixed Platforms.Deploy.0 = Debug|iPhone
		{4DB062C0-198B-4D2D-9B31-0A39FFEA1ACE}.Debug|x64.ActiveCfg = Debug|iPhone
		{4DB062C0-198B-4D2D-9B31-0A39FFEA1ACE}.Debug|x86.ActiveCfg = Debug|iPhone
		{4DB062C0-198B-4D2D-9B31-0A39FFEA1ACE}.Release|Any CPU.ActiveCfg = Release|iPhone
		{4DB062C0-198B-4D2D-9B31-0A39FFEA1ACE}.Release|ARM.ActiveCfg = Release|iPhone
		{4DB062C0-198B-4D2D-9B31-0A39FFEA1ACE}.Release|iPhone.ActiveCfg = Release|iPhone
		{4DB062C0-198B-4D2D-9B31-0A39FFEA1ACE}.Release|iPhone.Build.0 = Release|iPhone
		{4DB062C0-198B-4D2D-9B31-0A39FFEA1ACE}.Release|iPhone.Deploy.0 = Release|iPhone
		{4DB062C0-198B-4D2D-9B31-0A39FFEA1ACE}.Release|iPhoneSimulator.ActiveCfg = Release|iPhoneSimulator
		{4DB062C0-198B-4D2D-9B31-0A39FFEA1ACE}.Release|iPhoneSimulator.Build.0 = Release|iPhoneSimulator
		{4DB062C0-198B-4D2D-9B31-0A39FFEA1ACE}.Release|iPhoneSimulator.Deploy.0 = Release|iPhoneSimulator
		{4DB062C0-198B-4D2D-9B31-0A39FFEA1ACE}.Release|Mixed Platforms.ActiveCfg = Release|iPhone
		{4DB062C0-198B-4D2D-9B31-0A39FFEA1ACE}.Release|Mixed Platforms.Build.0 = Release|iPhone
		{4DB062C0-198B-4D2D-9B31-0A39FFEA1ACE}.Release|Mixed Platforms.Deploy.0 = Release|iPhone
		{4DB062C0-198B-4D2D-9B31-0A39FFEA1ACE}.Release|x64.ActiveCfg = Release|iPhone
		{4DB062C0-198B-4D2D-9B31-0A39FFEA1ACE}.Release|x86.ActiveCfg = Release|iPhone
		{ADABCCC2-690D-4DE9-AF6B-6B5C49970287}.Ad-Hoc|Any CPU.ActiveCfg = Release|Any CPU
		{ADABCCC2-690D-4DE9-AF6B-6B5C49970287}.Ad-Hoc|Any CPU.Build.0 = Release|Any CPU
		{ADABCCC2-690D-4DE9-AF6B-6B5C49970287}.Ad-Hoc|Any CPU.Deploy.0 = Release|Any CPU
		{ADABCCC2-690D-4DE9-AF6B-6B5C49970287}.Ad-Hoc|ARM.ActiveCfg = Release|Any CPU
		{ADABCCC2-690D-4DE9-AF6B-6B5C49970287}.Ad-Hoc|iPhone.ActiveCfg = Release|Any CPU
		{ADABCCC2-690D-4DE9-AF6B-6B5C49970287}.Ad-Hoc|iPhoneSimulator.ActiveCfg = Release|Any CPU
		{ADABCCC2-690D-4DE9-AF6B-6B5C49970287}.Ad-Hoc|Mixed Platforms.ActiveCfg = Release|Any CPU
		{ADABCCC2-690D-4DE9-AF6B-6B5C49970287}.Ad-Hoc|Mixed Platforms.Build.0 = Release|Any CPU
		{ADABCCC2-690D-4DE9-AF6B-6B5C49970287}.Ad-Hoc|Mixed Platforms.Deploy.0 = Release|Any CPU
		{ADABCCC2-690D-4DE9-AF6B-6B5C49970287}.Ad-Hoc|x64.ActiveCfg = Release|Any CPU
		{ADABCCC2-690D-4DE9-AF6B-6B5C49970287}.Ad-Hoc|x86.ActiveCfg = Release|Any CPU
		{ADABCCC2-690D-4DE9-AF6B-6B5C49970287}.AppStore|Any CPU.ActiveCfg = Release|Any CPU
		{ADABCCC2-690D-4DE9-AF6B-6B5C49970287}.AppStore|Any CPU.Build.0 = Release|Any CPU
		{ADABCCC2-690D-4DE9-AF6B-6B5C49970287}.AppStore|Any CPU.Deploy.0 = Release|Any CPU
		{ADABCCC2-690D-4DE9-AF6B-6B5C49970287}.AppStore|ARM.ActiveCfg = Release|Any CPU
		{ADABCCC2-690D-4DE9-AF6B-6B5C49970287}.AppStore|iPhone.ActiveCfg = Release|Any CPU
		{ADABCCC2-690D-4DE9-AF6B-6B5C49970287}.AppStore|iPhoneSimulator.ActiveCfg = Release|Any CPU
		{ADABCCC2-690D-4DE9-AF6B-6B5C49970287}.AppStore|Mixed Platforms.ActiveCfg = Release|Any CPU
		{ADABCCC2-690D-4DE9-AF6B-6B5C49970287}.AppStore|Mixed Platforms.Build.0 = Release|Any CPU
		{ADABCCC2-690D-4DE9-AF6B-6B5C49970287}.AppStore|Mixed Platforms.Deploy.0 = Release|Any CPU
		{ADABCCC2-690D-4DE9-AF6B-6B5C49970287}.AppStore|x64.ActiveCfg = Release|Any CPU
		{ADABCCC2-690D-4DE9-AF6B-6B5C49970287}.AppStore|x86.ActiveCfg = Release|Any CPU
		{ADABCCC2-690D-4DE9-AF6B-6B5C49970287}.Debug|Any CPU.ActiveCfg = Debug|Any CPU
		{ADABCCC2-690D-4DE9-AF6B-6B5C49970287}.Debug|Any CPU.Build.0 = Debug|Any CPU
		{ADABCCC2-690D-4DE9-AF6B-6B5C49970287}.Debug|Any CPU.Deploy.0 = Debug|Any CPU
		{ADABCCC2-690D-4DE9-AF6B-6B5C49970287}.Debug|ARM.ActiveCfg = Debug|Any CPU
		{ADABCCC2-690D-4DE9-AF6B-6B5C49970287}.Debug|iPhone.ActiveCfg = Debug|Any CPU
		{ADABCCC2-690D-4DE9-AF6B-6B5C49970287}.Debug|iPhoneSimulator.ActiveCfg = Debug|Any CPU
		{ADABCCC2-690D-4DE9-AF6B-6B5C49970287}.Debug|Mixed Platforms.ActiveCfg = Debug|Any CPU
		{ADABCCC2-690D-4DE9-AF6B-6B5C49970287}.Debug|Mixed Platforms.Build.0 = Debug|Any CPU
		{ADABCCC2-690D-4DE9-AF6B-6B5C49970287}.Debug|Mixed Platforms.Deploy.0 = Debug|Any CPU
		{ADABCCC2-690D-4DE9-AF6B-6B5C49970287}.Debug|x64.ActiveCfg = Debug|Any CPU
		{ADABCCC2-690D-4DE9-AF6B-6B5C49970287}.Debug|x86.ActiveCfg = Debug|Any CPU
		{ADABCCC2-690D-4DE9-AF6B-6B5C49970287}.Release|Any CPU.ActiveCfg = Release|Any CPU
		{ADABCCC2-690D-4DE9-AF6B-6B5C49970287}.Release|Any CPU.Build.0 = Release|Any CPU
		{ADABCCC2-690D-4DE9-AF6B-6B5C49970287}.Release|Any CPU.Deploy.0 = Release|Any CPU
		{ADABCCC2-690D-4DE9-AF6B-6B5C49970287}.Release|ARM.ActiveCfg = Release|Any CPU
		{ADABCCC2-690D-4DE9-AF6B-6B5C49970287}.Release|iPhone.ActiveCfg = Release|Any CPU
		{ADABCCC2-690D-4DE9-AF6B-6B5C49970287}.Release|iPhoneSimulator.ActiveCfg = Release|Any CPU
		{ADABCCC2-690D-4DE9-AF6B-6B5C49970287}.Release|Mixed Platforms.ActiveCfg = Release|Any CPU
		{ADABCCC2-690D-4DE9-AF6B-6B5C49970287}.Release|Mixed Platforms.Build.0 = Release|Any CPU
		{ADABCCC2-690D-4DE9-AF6B-6B5C49970287}.Release|Mixed Platforms.Deploy.0 = Release|Any CPU
		{ADABCCC2-690D-4DE9-AF6B-6B5C49970287}.Release|x64.ActiveCfg = Release|Any CPU
		{ADABCCC2-690D-4DE9-AF6B-6B5C49970287}.Release|x86.ActiveCfg = Release|Any CPU
		{137BE8AF-64A6-4451-BE44-B65A34DABB81}.Ad-Hoc|Any CPU.ActiveCfg = Release|Any CPU
		{137BE8AF-64A6-4451-BE44-B65A34DABB81}.Ad-Hoc|Any CPU.Build.0 = Release|Any CPU
		{137BE8AF-64A6-4451-BE44-B65A34DABB81}.Ad-Hoc|Any CPU.Deploy.0 = Release|Any CPU
		{137BE8AF-64A6-4451-BE44-B65A34DABB81}.Ad-Hoc|ARM.ActiveCfg = Release|ARM
		{137BE8AF-64A6-4451-BE44-B65A34DABB81}.Ad-Hoc|ARM.Build.0 = Release|ARM
		{137BE8AF-64A6-4451-BE44-B65A34DABB81}.Ad-Hoc|ARM.Deploy.0 = Release|ARM
		{137BE8AF-64A6-4451-BE44-B65A34DABB81}.Ad-Hoc|iPhone.ActiveCfg = Release|Any CPU
		{137BE8AF-64A6-4451-BE44-B65A34DABB81}.Ad-Hoc|iPhoneSimulator.ActiveCfg = Release|Any CPU
		{137BE8AF-64A6-4451-BE44-B65A34DABB81}.Ad-Hoc|Mixed Platforms.ActiveCfg = Release|x86
		{137BE8AF-64A6-4451-BE44-B65A34DABB81}.Ad-Hoc|Mixed Platforms.Build.0 = Release|x86
		{137BE8AF-64A6-4451-BE44-B65A34DABB81}.Ad-Hoc|Mixed Platforms.Deploy.0 = Release|x86
		{137BE8AF-64A6-4451-BE44-B65A34DABB81}.Ad-Hoc|x64.ActiveCfg = Release|Any CPU
		{137BE8AF-64A6-4451-BE44-B65A34DABB81}.Ad-Hoc|x86.ActiveCfg = Release|x86
		{137BE8AF-64A6-4451-BE44-B65A34DABB81}.Ad-Hoc|x86.Build.0 = Release|x86
		{137BE8AF-64A6-4451-BE44-B65A34DABB81}.Ad-Hoc|x86.Deploy.0 = Release|x86
		{137BE8AF-64A6-4451-BE44-B65A34DABB81}.AppStore|Any CPU.ActiveCfg = Release|Any CPU
		{137BE8AF-64A6-4451-BE44-B65A34DABB81}.AppStore|Any CPU.Build.0 = Release|Any CPU
		{137BE8AF-64A6-4451-BE44-B65A34DABB81}.AppStore|Any CPU.Deploy.0 = Release|Any CPU
		{137BE8AF-64A6-4451-BE44-B65A34DABB81}.AppStore|ARM.ActiveCfg = Release|ARM
		{137BE8AF-64A6-4451-BE44-B65A34DABB81}.AppStore|ARM.Build.0 = Release|ARM
		{137BE8AF-64A6-4451-BE44-B65A34DABB81}.AppStore|ARM.Deploy.0 = Release|ARM
		{137BE8AF-64A6-4451-BE44-B65A34DABB81}.AppStore|iPhone.ActiveCfg = Release|Any CPU
		{137BE8AF-64A6-4451-BE44-B65A34DABB81}.AppStore|iPhoneSimulator.ActiveCfg = Release|Any CPU
		{137BE8AF-64A6-4451-BE44-B65A34DABB81}.AppStore|Mixed Platforms.ActiveCfg = Release|x86
		{137BE8AF-64A6-4451-BE44-B65A34DABB81}.AppStore|Mixed Platforms.Build.0 = Release|x86
		{137BE8AF-64A6-4451-BE44-B65A34DABB81}.AppStore|Mixed Platforms.Deploy.0 = Release|x86
		{137BE8AF-64A6-4451-BE44-B65A34DABB81}.AppStore|x64.ActiveCfg = Release|Any CPU
		{137BE8AF-64A6-4451-BE44-B65A34DABB81}.AppStore|x86.ActiveCfg = Release|x86
		{137BE8AF-64A6-4451-BE44-B65A34DABB81}.AppStore|x86.Build.0 = Release|x86
		{137BE8AF-64A6-4451-BE44-B65A34DABB81}.AppStore|x86.Deploy.0 = Release|x86
		{137BE8AF-64A6-4451-BE44-B65A34DABB81}.Debug|Any CPU.ActiveCfg = Debug|Any CPU
		{137BE8AF-64A6-4451-BE44-B65A34DABB81}.Debug|Any CPU.Build.0 = Debug|Any CPU
		{137BE8AF-64A6-4451-BE44-B65A34DABB81}.Debug|Any CPU.Deploy.0 = Debug|Any CPU
		{137BE8AF-64A6-4451-BE44-B65A34DABB81}.Debug|ARM.ActiveCfg = Debug|ARM
		{137BE8AF-64A6-4451-BE44-B65A34DABB81}.Debug|ARM.Build.0 = Debug|ARM
		{137BE8AF-64A6-4451-BE44-B65A34DABB81}.Debug|ARM.Deploy.0 = Debug|ARM
		{137BE8AF-64A6-4451-BE44-B65A34DABB81}.Debug|iPhone.ActiveCfg = Debug|Any CPU
		{137BE8AF-64A6-4451-BE44-B65A34DABB81}.Debug|iPhoneSimulator.ActiveCfg = Debug|Any CPU
		{137BE8AF-64A6-4451-BE44-B65A34DABB81}.Debug|Mixed Platforms.ActiveCfg = Debug|x86
		{137BE8AF-64A6-4451-BE44-B65A34DABB81}.Debug|Mixed Platforms.Build.0 = Debug|x86
		{137BE8AF-64A6-4451-BE44-B65A34DABB81}.Debug|Mixed Platforms.Deploy.0 = Debug|x86
		{137BE8AF-64A6-4451-BE44-B65A34DABB81}.Debug|x64.ActiveCfg = Debug|Any CPU
		{137BE8AF-64A6-4451-BE44-B65A34DABB81}.Debug|x86.ActiveCfg = Debug|x86
		{137BE8AF-64A6-4451-BE44-B65A34DABB81}.Debug|x86.Build.0 = Debug|x86
		{137BE8AF-64A6-4451-BE44-B65A34DABB81}.Debug|x86.Deploy.0 = Debug|x86
		{137BE8AF-64A6-4451-BE44-B65A34DABB81}.Release|Any CPU.ActiveCfg = Release|Any CPU
		{137BE8AF-64A6-4451-BE44-B65A34DABB81}.Release|Any CPU.Build.0 = Release|Any CPU
		{137BE8AF-64A6-4451-BE44-B65A34DABB81}.Release|Any CPU.Deploy.0 = Release|Any CPU
		{137BE8AF-64A6-4451-BE44-B65A34DABB81}.Release|ARM.ActiveCfg = Release|ARM
		{137BE8AF-64A6-4451-BE44-B65A34DABB81}.Release|ARM.Build.0 = Release|ARM
		{137BE8AF-64A6-4451-BE44-B65A34DABB81}.Release|ARM.Deploy.0 = Release|ARM
		{137BE8AF-64A6-4451-BE44-B65A34DABB81}.Release|iPhone.ActiveCfg = Release|Any CPU
		{137BE8AF-64A6-4451-BE44-B65A34DABB81}.Release|iPhoneSimulator.ActiveCfg = Release|Any CPU
		{137BE8AF-64A6-4451-BE44-B65A34DABB81}.Release|Mixed Platforms.ActiveCfg = Release|x86
		{137BE8AF-64A6-4451-BE44-B65A34DABB81}.Release|Mixed Platforms.Build.0 = Release|x86
		{137BE8AF-64A6-4451-BE44-B65A34DABB81}.Release|Mixed Platforms.Deploy.0 = Release|x86
		{137BE8AF-64A6-4451-BE44-B65A34DABB81}.Release|x64.ActiveCfg = Release|Any CPU
		{137BE8AF-64A6-4451-BE44-B65A34DABB81}.Release|x86.ActiveCfg = Release|x86
		{137BE8AF-64A6-4451-BE44-B65A34DABB81}.Release|x86.Build.0 = Release|x86
		{137BE8AF-64A6-4451-BE44-B65A34DABB81}.Release|x86.Deploy.0 = Release|x86
	EndGlobalSection
	GlobalSection(SolutionProperties) = preSolution
		HideSolutionNode = FALSE
	EndGlobalSection
	GlobalSection(NestedProjects) = preSolution
		{83CB6BF2-0EFE-4DE3-B920-528F4A095274} = {7C7825A1-646C-40E7-8D49-61BD11100DFD}
		{8167F64C-4A2E-4DA3-A68C-E037F251EBEC} = {7C7825A1-646C-40E7-8D49-61BD11100DFD}
		{71A3CD12-210B-4CC3-82F0-BBFCC6EE4790} = {7C7825A1-646C-40E7-8D49-61BD11100DFD}
		{7AF53F00-9F35-426B-A39D-F7BA44D73198} = {E1040B39-7BDB-4D81-8684-CB39E7E4F3B5}
		{4DB062C0-198B-4D2D-9B31-0A39FFEA1ACE} = {E1040B39-7BDB-4D81-8684-CB39E7E4F3B5}
		{ADABCCC2-690D-4DE9-AF6B-6B5C49970287} = {E1040B39-7BDB-4D81-8684-CB39E7E4F3B5}
		{137BE8AF-64A6-4451-BE44-B65A34DABB81} = {E1040B39-7BDB-4D81-8684-CB39E7E4F3B5}
	EndGlobalSection
EndGlobal
